
Microsoft Visual Studio Solution File, Format Version 12.00
# Visual Studio Version 17
VisualStudioVersion = 17.0.31903.59
MinimumVisualStudioVersion = 10.0.40219.1
Project("{2150E333-8FDC-42A3-9474-1A3956D46DE8}") = "src", "src", "{A61709DE-981B-4780-8D11-224CFF082E87}"
EndProject
Project("{FAE04EC0-301F-11D3-BF4B-00C04F79EFBC}") = "NetMentor.AdventOfCode", "src\NetMentor.AdventOfCode\NetMentor.AdventOfCode.csproj", "{747146C7-FC79-4A7A-A088-3766E52CC1C0}"
EndProject
Project("{2150E333-8FDC-42A3-9474-1A3956D46DE8}") = "test", "test", "{C1D0BA1F-A84D-4E09-A766-431F9E99598F}"
EndProject
Project("{FAE04EC0-301F-11D3-BF4B-00C04F79EFBC}") = "Netmentor.AdventOfCode.Tests", "test\Netmentor.AdventOfCode.Tests\Netmentor.AdventOfCode.Tests.csproj", "{3F696000-5B68-43E9-92A6-6EB06E6B7A36}"
EndProject
Global
	GlobalSection(SolutionConfigurationPlatforms) = preSolution
		Debug|Any CPU = Debug|Any CPU
		Release|Any CPU = Release|Any CPU
	EndGlobalSection
	GlobalSection(SolutionProperties) = preSolution
		HideSolutionNode = FALSE
	EndGlobalSection
	GlobalSection(NestedProjects) = preSolution
		{747146C7-FC79-4A7A-A088-3766E52CC1C0} = {A61709DE-981B-4780-8D11-224CFF082E87}
		{3F696000-5B68-43E9-92A6-6EB06E6B7A36} = {C1D0BA1F-A84D-4E09-A766-431F9E99598F}
	EndGlobalSection
	GlobalSection(ProjectConfigurationPlatforms) = postSolution
		{747146C7-FC79-4A7A-A088-3766E52CC1C0}.Debug|Any CPU.ActiveCfg = Debug|Any CPU
		{747146C7-FC79-4A7A-A088-3766E52CC1C0}.Debug|Any CPU.Build.0 = Debug|Any CPU
		{747146C7-FC79-4A7A-A088-3766E52CC1C0}.Release|Any CPU.ActiveCfg = Release|Any CPU
		{747146C7-FC79-4A7A-A088-3766E52CC1C0}.Release|Any CPU.Build.0 = Release|Any CPU
		{3F696000-5B68-43E9-92A6-6EB06E6B7A36}.Debug|Any CPU.ActiveCfg = Debug|Any CPU
		{3F696000-5B68-43E9-92A6-6EB06E6B7A36}.Debug|Any CPU.Build.0 = Debug|Any CPU
		{3F696000-5B68-43E9-92A6-6EB06E6B7A36}.Release|Any CPU.ActiveCfg = Release|Any CPU
		{3F696000-5B68-43E9-92A6-6EB06E6B7A36}.Release|Any CPU.Build.0 = Release|Any CPU
	EndGlobalSection
EndGlobal
